
Microsoft Visual Studio Solution File, Format Version 12.00
# Visual Studio 2012
Project("{FAE04EC0-301F-11D3-BF4B-00C04F79EFBC}") = "War", "War\War.csproj", "{6ACFE518-6039-4540-863E-F2D74CBA904B}"
EndProject
Project("{FAE04EC0-301F-11D3-BF4B-00C04F79EFBC}") = "WarTests", "WarTests\WarTests.csproj", "{C5501E8E-334E-41CB-89F5-E7501D5F4820}"
EndProject
Project("{2150E333-8FDC-42A3-9474-1A3956D46DE8}") = "Solution Items", "Solution Items", "{CC049582-5437-48C4-8D46-3A63783CDBF5}"
	ProjectSection(SolutionItems) = preProject
		R Files\Num Tricks Plots - No Shuffles.r = R Files\Num Tricks Plots - No Shuffles.r
		R Files\Num Tricks Plots - With Shuffles.R = R Files\Num Tricks Plots - With Shuffles.R
		R Files\Num Tricks Plots.r = R Files\Num Tricks Plots.r
		R Files\Statistics Example code.r = R Files\Statistics Example code.r
		R Files\war-NoShuffle.csv = R Files\war-NoShuffle.csv
		R Files\war-withShuffles.csv = R Files\war-withShuffles.csv
		R Files\war.r = R Files\war.r
	EndProjectSection
EndProject
Global
	GlobalSection(SolutionConfigurationPlatforms) = preSolution
		Debug|Any CPU = Debug|Any CPU
		Release|Any CPU = Release|Any CPU
	EndGlobalSection
	GlobalSection(ProjectConfigurationPlatforms) = postSolution
		{6ACFE518-6039-4540-863E-F2D74CBA904B}.Debug|Any CPU.ActiveCfg = Debug|Any CPU
		{6ACFE518-6039-4540-863E-F2D74CBA904B}.Debug|Any CPU.Build.0 = Debug|Any CPU
		{6ACFE518-6039-4540-863E-F2D74CBA904B}.Release|Any CPU.ActiveCfg = Release|Any CPU
		{6ACFE518-6039-4540-863E-F2D74CBA904B}.Release|Any CPU.Build.0 = Release|Any CPU
		{C5501E8E-334E-41CB-89F5-E7501D5F4820}.Debug|Any CPU.ActiveCfg = Debug|Any CPU
		{C5501E8E-334E-41CB-89F5-E7501D5F4820}.Debug|Any CPU.Build.0 = Debug|Any CPU
		{C5501E8E-334E-41CB-89F5-E7501D5F4820}.Release|Any CPU.ActiveCfg = Release|Any CPU
		{C5501E8E-334E-41CB-89F5-E7501D5F4820}.Release|Any CPU.Build.0 = Release|Any CPU
	EndGlobalSection
	GlobalSection(SolutionProperties) = preSolution
		HideSolutionNode = FALSE
	EndGlobalSection
EndGlobal
